// !$*UTF8*$!
{
	archiveVersion = 1;
	classes = {
	};
	objectVersion = 46;
	objects = {

/* Begin PBXBuildFile section */
		82706D9E1ED5D4E600912997 /* AppDelegate.swift in Sources */ = {isa = PBXBuildFile; fileRef = 82706D9D1ED5D4E600912997 /* AppDelegate.swift */; };
		82706DA01ED5D4E600912997 /* ViewController.swift in Sources */ = {isa = PBXBuildFile; fileRef = 82706D9F1ED5D4E600912997 /* ViewController.swift */; };
		82706DA31ED5D4E600912997 /* Main.storyboard in Resources */ = {isa = PBXBuildFile; fileRef = 82706DA11ED5D4E600912997 /* Main.storyboard */; };
		82706DA51ED5D4E600912997 /* Assets.xcassets in Resources */ = {isa = PBXBuildFile; fileRef = 82706DA41ED5D4E600912997 /* Assets.xcassets */; };
		82706DA81ED5D4E600912997 /* LaunchScreen.storyboard in Resources */ = {isa = PBXBuildFile; fileRef = 82706DA61ED5D4E600912997 /* LaunchScreen.storyboard */; };
		82706DB01ED5E16B00912997 /* Story.swift in Sources */ = {isa = PBXBuildFile; fileRef = 82706DAF1ED5E16B00912997 /* Story.swift */; };
		82706DB21ED5E57800912997 /* Page.swift in Sources */ = {isa = PBXBuildFile; fileRef = 82706DB11ED5E57800912997 /* Page.swift */; };
		82706DB41EE6D5BC00912997 /* PageController.swift in Sources */ = {isa = PBXBuildFile; fileRef = 82706DB31EE6D5BC00912997 /* PageController.swift */; };
/* End PBXBuildFile section */

/* Begin PBXFileReference section */
		82706D9A1ED5D4E600912997 /* InteractiveStoryApp.app */ = {isa = PBXFileReference; explicitFileType = wrapper.application; includeInIndex = 0; path = InteractiveStoryApp.app; sourceTree = BUILT_PRODUCTS_DIR; };
		82706D9D1ED5D4E600912997 /* AppDelegate.swift */ = {isa = PBXFileReference; lastKnownFileType = sourcecode.swift; path = AppDelegate.swift; sourceTree = "<group>"; };
		82706D9F1ED5D4E600912997 /* ViewController.swift */ = {isa = PBXFileReference; lastKnownFileType = sourcecode.swift; path = ViewController.swift; sourceTree = "<group>"; };
		82706DA21ED5D4E600912997 /* Base */ = {isa = PBXFileReference; lastKnownFileType = file.storyboard; name = Base; path = Base.lproj/Main.storyboard; sourceTree = "<group>"; };
		82706DA41ED5D4E600912997 /* Assets.xcassets */ = {isa = PBXFileReference; lastKnownFileType = folder.assetcatalog; path = Assets.xcassets; sourceTree = "<group>"; };
		82706DA71ED5D4E600912997 /* Base */ = {isa = PBXFileReference; lastKnownFileType = file.storyboard; name = Base; path = Base.lproj/LaunchScreen.storyboard; sourceTree = "<group>"; };
		82706DA91ED5D4E600912997 /* Info.plist */ = {isa = PBXFileReference; lastKnownFileType = text.plist.xml; path = Info.plist; sourceTree = "<group>"; };
		82706DAF1ED5E16B00912997 /* Story.swift */ = {isa = PBXFileReference; fileEncoding = 4; lastKnownFileType = sourcecode.swift; path = Story.swift; sourceTree = "<group>"; };
		82706DB11ED5E57800912997 /* Page.swift */ = {isa = PBXFileReference; fileEncoding = 4; lastKnownFileType = sourcecode.swift; path = Page.swift; sourceTree = "<group>"; };
		82706DB31EE6D5BC00912997 /* PageController.swift */ = {isa = PBXFileReference; fileEncoding = 4; lastKnownFileType = sourcecode.swift; path = PageController.swift; sourceTree = "<group>"; };
/* End PBXFileReference section */

/* Begin PBXFrameworksBuildPhase section */
		82706D971ED5D4E600912997 /* Frameworks */ = {
			isa = PBXFrameworksBuildPhase;
			buildActionMask = 2147483647;
			files = (
			);
			runOnlyForDeploymentPostprocessing = 0;
		};
/* End PBXFrameworksBuildPhase section */

/* Begin PBXGroup section */
		82706D911ED5D4E600912997 = {
			isa = PBXGroup;
			children = (
				82706D9C1ED5D4E600912997 /* InteractiveStoryApp */,
				82706D9B1ED5D4E600912997 /* Products */,
			);
			sourceTree = "<group>";
		};
		82706D9B1ED5D4E600912997 /* Products */ = {
			isa = PBXGroup;
			children = (
				82706D9A1ED5D4E600912997 /* InteractiveStoryApp.app */,
			);
			name = Products;
			sourceTree = "<group>";
		};
		82706D9C1ED5D4E600912997 /* InteractiveStoryApp */ = {
			isa = PBXGroup;
			children = (
				82706D9D1ED5D4E600912997 /* AppDelegate.swift */,
				82706D9F1ED5D4E600912997 /* ViewController.swift */,
				82706DAF1ED5E16B00912997 /* Story.swift */,
				82706DB11ED5E57800912997 /* Page.swift */,
				82706DB31EE6D5BC00912997 /* PageController.swift */,
				82706DA11ED5D4E600912997 /* Main.storyboard */,
				82706DA41ED5D4E600912997 /* Assets.xcassets */,
				82706DA61ED5D4E600912997 /* LaunchScreen.storyboard */,
				82706DA91ED5D4E600912997 /* Info.plist */,
			);
			path = InteractiveStoryApp;
			sourceTree = "<group>";
		};
/* End PBXGroup section */

/* Begin PBXNativeTarget section */
		82706D991ED5D4E600912997 /* InteractiveStoryApp */ = {
			isa = PBXNativeTarget;
			buildConfigurationList = 82706DAC1ED5D4E600912997 /* Build configuration list for PBXNativeTarget "InteractiveStoryApp" */;
			buildPhases = (
				82706D961ED5D4E600912997 /* Sources */,
				82706D971ED5D4E600912997 /* Frameworks */,
				82706D981ED5D4E600912997 /* Resources */,
			);
			buildRules = (
			);
			dependencies = (
			);
			name = InteractiveStoryApp;
			productName = InteractiveStoryApp;
			productReference = 82706D9A1ED5D4E600912997 /* InteractiveStoryApp.app */;
			productType = "com.apple.product-type.application";
		};
/* End PBXNativeTarget section */

/* Begin PBXProject section */
		82706D921ED5D4E600912997 /* Project object */ = {
			isa = PBXProject;
			attributes = {
				LastSwiftUpdateCheck = 0830;
				LastUpgradeCheck = 0830;
				ORGANIZATIONNAME = "Jose Portuondo-Dember";
				TargetAttributes = {
					82706D991ED5D4E600912997 = {
						CreatedOnToolsVersion = 8.3.2;
						DevelopmentTeam = 537W99P35Z;
						ProvisioningStyle = Automatic;
					};
				};
			};
			buildConfigurationList = 82706D951ED5D4E600912997 /* Build configuration list for PBXProject "InteractiveStoryApp" */;
			compatibilityVersion = "Xcode 3.2";
			developmentRegion = English;
			hasScannedForEncodings = 0;
			knownRegions = (
				en,
				Base,
			);
			mainGroup = 82706D911ED5D4E600912997;
			productRefGroup = 82706D9B1ED5D4E600912997 /* Products */;
			projectDirPath = "";
			projectRoot = "";
			targets = (
				82706D991ED5D4E600912997 /* InteractiveStoryApp */,
			);
		};
/* End PBXProject section */

/* Begin PBXResourcesBuildPhase section */
		82706D981ED5D4E600912997 /* Resources */ = {
			isa = PBXResourcesBuildPhase;
			buildActionMask = 2147483647;
			files = (
				82706DA81ED5D4E600912997 /* LaunchScreen.storyboard in Resources */,
				82706DA51ED5D4E600912997 /* Assets.xcassets in Resources */,
				82706DA31ED5D4E600912997 /* Main.storyboard in Resources */,
			);
			runOnlyForDeploymentPostprocessing = 0;
		};
/* End PBXResourcesBuildPhase section */

/* Begin PBXSourcesBuildPhase section */
		82706D961ED5D4E600912997 /* Sources */ = {
			isa = PBXSourcesBuildPhase;
			buildActionMask = 2147483647;
			files = (
				82706DA01ED5D4E600912997 /* ViewController.swift in Sources */,
				82706D9E1ED5D4E600912997 /* AppDelegate.swift in Sources */,
				82706DB21ED5E57800912997 /* Page.swift in Sources */,
				82706DB01ED5E16B00912997 /* Story.swift in Sources */,
				82706DB41EE6D5BC00912997 /* PageController.swift in Sources */,
			);
			runOnlyForDeploymentPostprocessing = 0;
		};
/* End PBXSourcesBuildPhase section */

/* Begin PBXVariantGroup section */
		82706DA11ED5D4E600912997 /* Main.storyboard */ = {
			isa = PBXVariantGroup;
			children = (
				82706DA21ED5D4E600912997 /* Base */,
			);
			name = Main.storyboard;
			sourceTree = "<group>";
		};
		82706DA61ED5D4E600912997 /* LaunchScreen.storyboard */ = {
			isa = PBXVariantGroup;
			children = (
				82706DA71ED5D4E600912997 /* Base */,
			);
			name = LaunchScreen.storyboard;
			sourceTree = "<group>";
		};
/* End PBXVariantGroup section */

/* Begin XCBuildConfiguration section */
		82706DAA1ED5D4E600912997 /* Debug */ = {
			isa = XCBuildConfiguration;
			buildSettings = {
				ALWAYS_SEARCH_USER_PATHS = NO;
				CLANG_ANALYZER_NONNULL = YES;
				CLANG_ANALYZER_NUMBER_OBJECT_CONVERSION = YES_AGGRESSIVE;
				CLANG_CXX_LANGUAGE_STANDARD = "gnu++0x";
				CLANG_CXX_LIBRARY = "libc++";
				CLANG_ENABLE_MODULES = YES;
				CLANG_ENABLE_OBJC_ARC = YES;
				CLANG_WARN_BOOL_CONVERSION = YES;
				CLANG_WARN_CONSTANT_CONVERSION = YES;
				CLANG_WARN_DIRECT_OBJC_ISA_USAGE = YES_ERROR;
				CLANG_WARN_DOCUMENTATION_COMMENTS = YES;
				CLANG_WARN_EMPTY_BODY = YES;
				CLANG_WARN_ENUM_CONVERSION = YES;
				CLANG_WARN_INFINITE_RECURSION = YES;
				CLANG_WARN_INT_CONVERSION = YES;
				CLANG_WARN_OBJC_ROOT_CLASS = YES_ERROR;
				CLANG_WARN_SUSPICIOUS_MOVE = YES;
				CLANG_WARN_UNREACHABLE_CODE = YES;
				CLANG_WARN__DUPLICATE_METHOD_MATCH = YES;
				"CODE_SIGN_IDENTITY[sdk=iphoneos*]" = "iPhone Developer";
				COPY_PHASE_STRIP = NO;
				DEBUG_INFORMATION_FORMAT = dwarf;
				ENABLE_STRICT_OBJC_MSGSEND = YES;
				ENABLE_TESTABILITY = YES;
				GCC_C_LANGUAGE_STANDARD = gnu99;
				GCC_DYNAMIC_NO_PIC = NO;
				GCC_NO_COMMON_BLOCKS = YES;
				GCC_OPTIMIZATION_LEVEL = 0;
				GCC_PREPROCESSOR_DEFINITIONS = (
					"DEBUG=1",
					"$(inherited)",
				);
				GCC_WARN_64_TO_32_BIT_CONVERSION = YES;
				GCC_WARN_ABOUT_RETURN_TYPE = YES_ERROR;
				GCC_WARN_UNDECLARED_SELECTOR = YES;
				GCC_WARN_UNINITIALIZED_AUTOS = YES_AGGRESSIVE;
				GCC_WARN_UNUSED_FUNCTION = YES;
				GCC_WARN_UNUSED_VARIABLE = YES;
				IPHONEOS_DEPLOYMENT_TARGET = 10.3;
				MTL_ENABLE_DEBUG_INFO = YES;
				ONLY_ACTIVE_ARCH = YES;
				SDKROOT = iphoneos;
				SWIFT_ACTIVE_COMPILATION_CONDITIONS = DEBUG;
				SWIFT_OPTIMIZATION_LEVEL = "-Onone";
			};
			name = Debug;
		};
		82706DAB1ED5D4E600912997 /* Release */ = {
			isa = XCBuildConfiguration;
			buildSettings = {
				ALWAYS_SEARCH_USER_PATHS = NO;
				CLANG_ANALYZER_NONNULL = YES;
				CLANG_ANALYZER_NUMBER_OBJECT_CONVERSION = YES_AGGRESSIVE;
				CLANG_CXX_LANGUAGE_STANDARD = "gnu++0x";
				CLANG_CXX_LIBRARY = "libc++";
				CLANG_ENABLE_MODULES = YES;
				CLANG_ENABLE_OBJC_ARC = YES;
				CLANG_WARN_BOOL_CONVERSION = YES;
				CLANG_WARN_CONSTANT_CONVERSION = YES;
				CLANG_WARN_DIRECT_OBJC_ISA_USAGE = YES_ERROR;
				CLANG_WARN_DOCUMENTATION_COMMENTS = YES;
				CLANG_WARN_EMPTY_BODY = YES;
				CLANG_WARN_ENUM_CONVERSION = YES;
				CLANG_WARN_INFINITE_RECURSION = YES;
				CLANG_WARN_INT_CONVERSION = YES;
				CLANG_WARN_OBJC_ROOT_CLASS = YES_ERROR;
				CLANG_WARN_SUSPICIOUS_MOVE = YES;
				CLANG_WARN_UNREACHABLE_CODE = YES;
				CLANG_WARN__DUPLICATE_METHOD_MATCH = YES;
				"CODE_SIGN_IDENTITY[sdk=iphoneos*]" = "iPhone Developer";
				COPY_PHASE_STRIP = NO;
				DEBUG_INFORMATION_FORMAT = "dwarf-with-dsym";
				ENABLE_NS_ASSERTIONS = NO;
				ENABLE_STRICT_OBJC_MSGSEND = YES;
				GCC_C_LANGUAGE_STANDARD = gnu99;
				GCC_NO_COMMON_BLOCKS = YES;
				GCC_WARN_64_TO_32_BIT_CONVERSION = YES;
				GCC_WARN_ABOUT_RETURN_TYPE = YES_ERROR;
				GCC_WARN_UNDECLARED_SELECTOR = YES;
				GCC_WARN_UNINITIALIZED_AUTOS = YES_AGGRESSIVE;
				GCC_WARN_UNUSED_FUNCTION = YES;
				GCC_WARN_UNUSED_VARIABLE = YES;
				IPHONEOS_DEPLOYMENT_TARGET = 10.3;
				MTL_ENABLE_DEBUG_INFO = NO;
				SDKROOT = iphoneos;
				SWIFT_OPTIMIZATION_LEVEL = "-Owholemodule";
				VALIDATE_PRODUCT = YES;
			};
			name = Release;
		};
		82706DAD1ED5D4E600912997 /* Debug */ = {
			isa = XCBuildConfiguration;
			buildSettings = {
				ASSETCATALOG_COMPILER_APPICON_NAME = AppIcon;
				DEVELOPMENT_TEAM = 537W99P35Z;
				INFOPLIST_FILE = InteractiveStoryApp/Info.plist;
				LD_RUNPATH_SEARCH_PATHS = "$(inherited) @executable_path/Frameworks";
				PRODUCT_BUNDLE_IDENTIFIER = us.portuondo.InteractiveStoryApp;
				PRODUCT_NAME = "$(TARGET_NAME)";
				SWIFT_VERSION = 3.0;
			};
			name = Debug;
		};
		82706DAE1ED5D4E600912997 /* Release */ = {
			isa = XCBuildConfiguration;
			buildSettings = {
				ASSETCATALOG_COMPILER_APPICON_NAME = AppIcon;
				DEVELOPMENT_TEAM = 537W99P35Z;
				INFOPLIST_FILE = InteractiveStoryApp/Info.plist;
				LD_RUNPATH_SEARCH_PATHS = "$(inherited) @executable_path/Frameworks";
				PRODUCT_BUNDLE_IDENTIFIER = us.portuondo.InteractiveStoryApp;
				PRODUCT_NAME = "$(TARGET_NAME)";
				SWIFT_VERSION = 3.0;
			};
			name = Release;
		};
/* End XCBuildConfiguration section */

/* Begin XCConfigurationList section */
		82706D951ED5D4E600912997 /* Build configuration list for PBXProject "InteractiveStoryApp" */ = {
			isa = XCConfigurationList;
			buildConfigurations = (
				82706DAA1ED5D4E600912997 /* Debug */,
				82706DAB1ED5D4E600912997 /* Release */,
			);
			defaultConfigurationIsVisible = 0;
			defaultConfigurationName = Release;
		};
		82706DAC1ED5D4E600912997 /* Build configuration list for PBXNativeTarget "InteractiveStoryApp" */ = {
			isa = XCConfigurationList;
			buildConfigurations = (
				82706DAD1ED5D4E600912997 /* Debug */,
				82706DAE1ED5D4E600912997 /* Release */,
			);
			defaultConfigurationIsVisible = 0;
			defaultConfigurationName = Release;
		};
/* End XCConfigurationList section */
	};
	rootObject = 82706D921ED5D4E600912997 /* Project object */;
}
